
Microsoft Visual Studio Solution File, Format Version 12.00
# Visual Studio Version 17
VisualStudioVersion = 17.9.34902.65
MinimumVisualStudioVersion = 10.0.40219.1
Project("{FAE04EC0-301F-11D3-BF4B-00C04F79EFBC}") = "Core", "Core\Core.csproj", "{46D711C4-23FC-4A49-8B14-3283D4956482}"
EndProject
Project("{FAE04EC0-301F-11D3-BF4B-00C04F79EFBC}") = "Application", "Application\Application.csproj", "{BCA81888-79B9-43A1-B896-A401E026B47A}"
EndProject
Project("{FAE04EC0-301F-11D3-BF4B-00C04F79EFBC}") = "Presentation", "Presentation\Presentation.csproj", "{D6A3EEC5-A579-4BAC-A337-4EF90EFECBD3}"
EndProject
Project("{FAE04EC0-301F-11D3-BF4B-00C04F79EFBC}") = "Data", "Data\Data.csproj", "{04A88E7B-A4EC-4367-8235-315383C36ED3}"
EndProject
Global
	GlobalSection(SolutionConfigurationPlatforms) = preSolution
		Debug|Any CPU = Debug|Any CPU
		Release|Any CPU = Release|Any CPU
	EndGlobalSection
	GlobalSection(ProjectConfigurationPlatforms) = postSolution
		{46D711C4-23FC-4A49-8B14-3283D4956482}.Debug|Any CPU.ActiveCfg = Debug|Any CPU
		{46D711C4-23FC-4A49-8B14-3283D4956482}.Debug|Any CPU.Build.0 = Debug|Any CPU
		{46D711C4-23FC-4A49-8B14-3283D4956482}.Release|Any CPU.ActiveCfg = Release|Any CPU
		{46D711C4-23FC-4A49-8B14-3283D4956482}.Release|Any CPU.Build.0 = Release|Any CPU
		{BCA81888-79B9-43A1-B896-A401E026B47A}.Debug|Any CPU.ActiveCfg = Debug|Any CPU
		{BCA81888-79B9-43A1-B896-A401E026B47A}.Debug|Any CPU.Build.0 = Debug|Any CPU
		{BCA81888-79B9-43A1-B896-A401E026B47A}.Release|Any CPU.ActiveCfg = Release|Any CPU
		{BCA81888-79B9-43A1-B896-A401E026B47A}.Release|Any CPU.Build.0 = Release|Any CPU
		{D6A3EEC5-A579-4BAC-A337-4EF90EFECBD3}.Debug|Any CPU.ActiveCfg = Debug|Any CPU
		{D6A3EEC5-A579-4BAC-A337-4EF90EFECBD3}.Debug|Any CPU.Build.0 = Debug|Any CPU
		{D6A3EEC5-A579-4BAC-A337-4EF90EFECBD3}.Release|Any CPU.ActiveCfg = Release|Any CPU
		{D6A3EEC5-A579-4BAC-A337-4EF90EFECBD3}.Release|Any CPU.Build.0 = Release|Any CPU
		{04A88E7B-A4EC-4367-8235-315383C36ED3}.Debug|Any CPU.ActiveCfg = Debug|Any CPU
		{04A88E7B-A4EC-4367-8235-315383C36ED3}.Debug|Any CPU.Build.0 = Debug|Any CPU
		{04A88E7B-A4EC-4367-8235-315383C36ED3}.Release|Any CPU.ActiveCfg = Release|Any CPU
		{04A88E7B-A4EC-4367-8235-315383C36ED3}.Release|Any CPU.Build.0 = Release|Any CPU
	EndGlobalSection
	GlobalSection(SolutionProperties) = preSolution
		HideSolutionNode = FALSE
	EndGlobalSection
	GlobalSection(ExtensibilityGlobals) = postSolution
		SolutionGuid = {A449D330-59AA-4901-B3FC-61E879850BE5}
	EndGlobalSection
EndGlobal
